
Microsoft Visual Studio Solution File, Format Version 12.00
# Visual Studio Version 17
VisualStudioVersion = 17.14.36310.24
MinimumVisualStudioVersion = 10.0.40219.1
Project("{FAE04EC0-301F-11D3-BF4B-00C04F79EFBC}") = "Assignment2", "Assignment2\Assignment2.csproj", "{550C3403-4C61-4F1C-BD43-5026D1A66E61}"
EndProject
Project("{FAE04EC0-301F-11D3-BF4B-00C04F79EFBC}") = "Assignment1", "Assignment1\Assignment1.csproj", "{BE524526-1B65-A811-FA03-103EF66D958C}"
EndProject
Project("{FAE04EC0-301F-11D3-BF4B-00C04F79EFBC}") = "Assignment2_Q2", "Assignment2_Q2\Assignment2_Q2.csproj", "{E735B77D-8764-4026-8BDD-3CF8BCB76E29}"
EndProject
Project("{FAE04EC0-301F-11D3-BF4B-00C04F79EFBC}") = "Assignment3", "Assignment3\Assignment3.csproj", "{052A6A7F-6100-491B-8A55-8F0BB2BCE5E2}"
EndProject
Project("{FAE04EC0-301F-11D3-BF4B-00C04F79EFBC}") = "Assignment4", "Assignment4\Assignment4.csproj", "{E74077A4-751C-45CD-9711-C95B7038E2D0}"
EndProject
Project("{FAE04EC0-301F-11D3-BF4B-00C04F79EFBC}") = "Assignment5", "Assignment5\Assignment5.csproj", "{52DCEDFC-CD79-484B-AD6F-E281BFA27C43}"
EndProject
Project("{FAE04EC0-301F-11D3-BF4B-00C04F79EFBC}") = "Assignment7", "Assignment7\Assignment7.csproj", "{9498B547-CF3A-433D-832E-D3590D5EE917}"
EndProject
Project("{FAE04EC0-301F-11D3-BF4B-00C04F79EFBC}") = "Assignment8_Q1", "Assignment8_Q1\Assignment8_Q1.csproj", "{1884C300-7E8F-48AE-8626-C220236C6F0F}"
EndProject
Project("{FAE04EC0-301F-11D3-BF4B-00C04F79EFBC}") = "Assignment8_Q2", "Assignment8_Q2\Assignment8_Q2.csproj", "{F2FB9564-A16F-4973-8923-A3CE1A35A0C5}"
EndProject
Project("{FAE04EC0-301F-11D3-BF4B-00C04F79EFBC}") = "Assignment8_Q3", "Assignment8_Q3\Assignment8_Q3.csproj", "{66D2EB57-81C6-44F2-AA89-3848798A0BEF}"
EndProject
Project("{FAE04EC0-301F-11D3-BF4B-00C04F79EFBC}") = "Assignment10", "Assignment10\Assignment10.csproj", "{39E36402-D90F-4108-8A74-FA70D0157210}"
EndProject
Global
	GlobalSection(SolutionConfigurationPlatforms) = preSolution
		Debug|Any CPU = Debug|Any CPU
		Release|Any CPU = Release|Any CPU
	EndGlobalSection
	GlobalSection(ProjectConfigurationPlatforms) = postSolution
		{550C3403-4C61-4F1C-BD43-5026D1A66E61}.Debug|Any CPU.ActiveCfg = Debug|Any CPU
		{550C3403-4C61-4F1C-BD43-5026D1A66E61}.Debug|Any CPU.Build.0 = Debug|Any CPU
		{550C3403-4C61-4F1C-BD43-5026D1A66E61}.Release|Any CPU.ActiveCfg = Release|Any CPU
		{550C3403-4C61-4F1C-BD43-5026D1A66E61}.Release|Any CPU.Build.0 = Release|Any CPU
		{BE524526-1B65-A811-FA03-103EF66D958C}.Debug|Any CPU.ActiveCfg = Debug|Any CPU
		{BE524526-1B65-A811-FA03-103EF66D958C}.Debug|Any CPU.Build.0 = Debug|Any CPU
		{BE524526-1B65-A811-FA03-103EF66D958C}.Release|Any CPU.ActiveCfg = Release|Any CPU
		{BE524526-1B65-A811-FA03-103EF66D958C}.Release|Any CPU.Build.0 = Release|Any CPU
		{E735B77D-8764-4026-8BDD-3CF8BCB76E29}.Debug|Any CPU.ActiveCfg = Debug|Any CPU
		{E735B77D-8764-4026-8BDD-3CF8BCB76E29}.Debug|Any CPU.Build.0 = Debug|Any CPU
		{E735B77D-8764-4026-8BDD-3CF8BCB76E29}.Release|Any CPU.ActiveCfg = Release|Any CPU
		{E735B77D-8764-4026-8BDD-3CF8BCB76E29}.Release|Any CPU.Build.0 = Release|Any CPU
		{052A6A7F-6100-491B-8A55-8F0BB2BCE5E2}.Debug|Any CPU.ActiveCfg = Debug|Any CPU
		{052A6A7F-6100-491B-8A55-8F0BB2BCE5E2}.Debug|Any CPU.Build.0 = Debug|Any CPU
		{052A6A7F-6100-491B-8A55-8F0BB2BCE5E2}.Release|Any CPU.ActiveCfg = Release|Any CPU
		{052A6A7F-6100-491B-8A55-8F0BB2BCE5E2}.Release|Any CPU.Build.0 = Release|Any CPU
		{E74077A4-751C-45CD-9711-C95B7038E2D0}.Debug|Any CPU.ActiveCfg = Debug|Any CPU
		{E74077A4-751C-45CD-9711-C95B7038E2D0}.Debug|Any CPU.Build.0 = Debug|Any CPU
		{E74077A4-751C-45CD-9711-C95B7038E2D0}.Release|Any CPU.ActiveCfg = Release|Any CPU
		{E74077A4-751C-45CD-9711-C95B7038E2D0}.Release|Any CPU.Build.0 = Release|Any CPU
		{52DCEDFC-CD79-484B-AD6F-E281BFA27C43}.Debug|Any CPU.ActiveCfg = Debug|Any CPU
		{52DCEDFC-CD79-484B-AD6F-E281BFA27C43}.Debug|Any CPU.Build.0 = Debug|Any CPU
		{52DCEDFC-CD79-484B-AD6F-E281BFA27C43}.Release|Any CPU.ActiveCfg = Release|Any CPU
		{52DCEDFC-CD79-484B-AD6F-E281BFA27C43}.Release|Any CPU.Build.0 = Release|Any CPU
		{9498B547-CF3A-433D-832E-D3590D5EE917}.Debug|Any CPU.ActiveCfg = Debug|Any CPU
		{9498B547-CF3A-433D-832E-D3590D5EE917}.Debug|Any CPU.Build.0 = Debug|Any CPU
		{9498B547-CF3A-433D-832E-D3590D5EE917}.Release|Any CPU.ActiveCfg = Release|Any CPU
		{9498B547-CF3A-433D-832E-D3590D5EE917}.Release|Any CPU.Build.0 = Release|Any CPU
		{1884C300-7E8F-48AE-8626-C220236C6F0F}.Debug|Any CPU.ActiveCfg = Debug|Any CPU
		{1884C300-7E8F-48AE-8626-C220236C6F0F}.Debug|Any CPU.Build.0 = Debug|Any CPU
		{1884C300-7E8F-48AE-8626-C220236C6F0F}.Release|Any CPU.ActiveCfg = Release|Any CPU
		{1884C300-7E8F-48AE-8626-C220236C6F0F}.Release|Any CPU.Build.0 = Release|Any CPU
		{F2FB9564-A16F-4973-8923-A3CE1A35A0C5}.Debug|Any CPU.ActiveCfg = Debug|Any CPU
		{F2FB9564-A16F-4973-8923-A3CE1A35A0C5}.Debug|Any CPU.Build.0 = Debug|Any CPU
		{F2FB9564-A16F-4973-8923-A3CE1A35A0C5}.Release|Any CPU.ActiveCfg = Release|Any CPU
		{F2FB9564-A16F-4973-8923-A3CE1A35A0C5}.Release|Any CPU.Build.0 = Release|Any CPU
		{66D2EB57-81C6-44F2-AA89-3848798A0BEF}.Debug|Any CPU.ActiveCfg = Debug|Any CPU
		{66D2EB57-81C6-44F2-AA89-3848798A0BEF}.Debug|Any CPU.Build.0 = Debug|Any CPU
		{66D2EB57-81C6-44F2-AA89-3848798A0BEF}.Release|Any CPU.ActiveCfg = Release|Any CPU
		{66D2EB57-81C6-44F2-AA89-3848798A0BEF}.Release|Any CPU.Build.0 = Release|Any CPU
		{39E36402-D90F-4108-8A74-FA70D0157210}.Debug|Any CPU.ActiveCfg = Debug|Any CPU
		{39E36402-D90F-4108-8A74-FA70D0157210}.Debug|Any CPU.Build.0 = Debug|Any CPU
		{39E36402-D90F-4108-8A74-FA70D0157210}.Release|Any CPU.ActiveCfg = Release|Any CPU
		{39E36402-D90F-4108-8A74-FA70D0157210}.Release|Any CPU.Build.0 = Release|Any CPU
	EndGlobalSection
	GlobalSection(SolutionProperties) = preSolution
		HideSolutionNode = FALSE
	EndGlobalSection
	GlobalSection(ExtensibilityGlobals) = postSolution
		SolutionGuid = {147BBF07-49E7-45C6-836B-0589144DEB69}
	EndGlobalSection
EndGlobal
